
Microsoft Visual Studio Solution File, Format Version 12.00
# Visual Studio 2012
Project("{FAE04EC0-301F-11D3-BF4B-00C04F79EFBC}") = "Brazucas", "Brazucas\Brazucas.csproj", "{804E15DA-9225-4824-BBEA-FCF5DEC60232}"
EndProject
Global
	GlobalSection(TeamFoundationVersionControl) = preSolution
		SccNumberOfProjects = 2
		SccEnterpriseProvider = {4CA58AB2-18FA-4F8D-95D4-32DDF27D184C}
		SccTeamFoundationServer = https://eduardodias.visualstudio.com/defaultcollection
		SccLocalPath0 = .
		SccProjectUniqueName1 = Brazucas\\Brazucas.csproj
		SccProjectName1 = Brazucas
		SccLocalPath1 = Brazucas
	EndGlobalSection
	GlobalSection(SolutionConfigurationPlatforms) = preSolution
		Debug|Any CPU = Debug|Any CPU
		Release|Any CPU = Release|Any CPU
	EndGlobalSection
	GlobalSection(ProjectConfigurationPlatforms) = postSolution
		{804E15DA-9225-4824-BBEA-FCF5DEC60232}.Debug|Any CPU.ActiveCfg = Debug|Any CPU
		{804E15DA-9225-4824-BBEA-FCF5DEC60232}.Debug|Any CPU.Build.0 = Debug|Any CPU
		{804E15DA-9225-4824-BBEA-FCF5DEC60232}.Release|Any CPU.ActiveCfg = Release|Any CPU
		{804E15DA-9225-4824-BBEA-FCF5DEC60232}.Release|Any CPU.Build.0 = Release|Any CPU
	EndGlobalSection
	GlobalSection(SolutionProperties) = preSolution
		HideSolutionNode = FALSE
	EndGlobalSection
EndGlobal
